
Microsoft Visual Studio Solution File, Format Version 12.00
Project("{FAE04EC0-301F-11D3-BF4B-00C04F79EFBC}") = "Domain", "Domain\Domain.csproj", "{C1FD9CA0-A090-4938-AD98-1D6AB7E012F7}"
EndProject
Project("{2150E333-8FDC-42A3-9474-1A3956D46DE8}") = ".Solution", ".Solution", "{EFF36C3A-51F8-43D3-8C01-F64A0CECA9A4}"
	ProjectSection(SolutionItems) = preProject
		Directory.Build.props = Directory.Build.props
	EndProjectSection
EndProject
Project("{FAE04EC0-301F-11D3-BF4B-00C04F79EFBC}") = "WebApi", "WebApi\WebApi.csproj", "{D1EDE5C3-9A96-488A-9E15-BFA2B24B79B9}"
EndProject
Global
	GlobalSection(SolutionConfigurationPlatforms) = preSolution
		Debug|Any CPU = Debug|Any CPU
		Release|Any CPU = Release|Any CPU
	EndGlobalSection
	GlobalSection(ProjectConfigurationPlatforms) = postSolution
		{C1FD9CA0-A090-4938-AD98-1D6AB7E012F7}.Debug|Any CPU.ActiveCfg = Debug|Any CPU
		{C1FD9CA0-A090-4938-AD98-1D6AB7E012F7}.Debug|Any CPU.Build.0 = Debug|Any CPU
		{C1FD9CA0-A090-4938-AD98-1D6AB7E012F7}.Release|Any CPU.ActiveCfg = Release|Any CPU
		{C1FD9CA0-A090-4938-AD98-1D6AB7E012F7}.Release|Any CPU.Build.0 = Release|Any CPU
		{D1EDE5C3-9A96-488A-9E15-BFA2B24B79B9}.Debug|Any CPU.ActiveCfg = Debug|Any CPU
		{D1EDE5C3-9A96-488A-9E15-BFA2B24B79B9}.Debug|Any CPU.Build.0 = Debug|Any CPU
		{D1EDE5C3-9A96-488A-9E15-BFA2B24B79B9}.Release|Any CPU.ActiveCfg = Release|Any CPU
		{D1EDE5C3-9A96-488A-9E15-BFA2B24B79B9}.Release|Any CPU.Build.0 = Release|Any CPU
	EndGlobalSection
EndGlobal
